version = 1
revision = 3
requires-python = ">=3.12"

[[package]]
name = "colorama"
version = "0.4.6"
source = { registry = "https://pypi.org/simple" }
sdist = { url = "https://files.pythonhosted.org/packages/d8/53/6f443c9a4a8358a93a6792e2acffb9d9d5cb0a5cfd8802644b7b1c9a02e4/colorama-0.4.6.tar.gz", hash = "sha256:08695f5cb7ed6e0531a20572697297273c47b8cae5a63ffc6d6ed5c201be6e44", size = 27697, upload-time = "2022-10-25T02:36:22.414Z" }
wheels = [
    { url = "https://files.pythonhosted.org/packages/d1/d6/3965ed04c63042e047cb6a3e6ed1a63a35087b6a609aa3a15ed8ac56c221/colorama-0.4.6-py2.py3-none-any.whl", hash = "sha256:4f1d9991f5acc0ca119f9d443620b77f9d6b33703e51011c16baf57afb285fc6", size = 25335, upload-time = "2022-10-25T02:36:20.889Z" },
]

[[package]]
name = "diffcog"
version = "0.1.0"
source = { editable = "." }
dependencies = [
    { name = "tree-sitter" },
    { name = "tree-sitter-go" },
    { name = "tree-sitter-java" },
    { name = "tree-sitter-python" },
]

[package.dev-dependencies]
dev = [
    { name = "pytest" },
    { name = "ruff" },
]

[package.metadata]
requires-dist = [
    { name = "tree-sitter", specifier = ">=0.25" },
    { name = "tree-sitter-go", specifier = ">=0.25" },
    { name = "tree-sitter-java", specifier = ">=0.23" },
    { name = "tree-sitter-python", specifier = ">=0.23" },
]

[package.metadata.requires-dev]
dev = [
    { name = "pytest", specifier = ">=8.0" },
    { name = "ruff", specifier = ">=0.8" },
]

[[package]]
name = "iniconfig"
version = "2.3.0"
source = { registry = "https://pypi.org/simple" }
sdist = { url = "https://files.pythonhosted.org/packages/72/34/14ca021ce8e5dfedc35312d08ba8bf51fdd999c576889fc2c24cb97f4f10/iniconfig-2.3.0.tar.gz", hash = "sha256:c76315c77db068650d49c5b56314774a7804df16fee4402c1f19d6d15d8c4730", size = 20503, upload-time = "2025-10-18T21:55:43.219Z" }
wheels = [
    { url = "https://files.pythonhosted.org/packages/cb/b1/3846dd7f199d53cb17f49cba7e651e9ce294d8497c8c150530ed11865bb8/iniconfig-2.3.0-py3-none-any.whl", hash = "sha256:f631c04d2c48c52b84d0d0549c99ff3859c98df65b3101406327ecc7d53fbf12", size = 7484, upload-time = "2025-10-18T21:55:41.639Z" },
]

[[package]]
name = "packaging"
version = "26.2"
source = { registry = "https://pypi.org/simple" }
sdist = { url = "https://files.pythonhosted.org/packages/d7/f1/e7a6dd94a8d4a5626c03e4e99c87f241ba9e350cd9e6d75123f992427270/packaging-26.2.tar.gz", hash = "sha256:ff452ff5a3e828ce110190feff1178bb1f2ea2281fa2075aadb987c2fb221661", size = 228134, upload-time = "2026-04-24T20:15:23.917Z" }
wheels = [
    { url = "https://files.pythonhosted.org/packages/df/b2/87e62e8c3e2f4b32e5fe99e0b86d576da1312593b39f47d8ceef365e95ed/packaging-26.2-py3-none-any.whl", hash = "sha256:5fc45236b9446107ff2415ce77c807cee2862cb6fac22b8a73826d0693b0980e", size = 100195, upload-time = "2026-04-24T20:15:22.081Z" },
]

[[package]]
name = "pluggy"
version = "1.6.0"
source = { registry = "https://pypi.org/simple" }
sdist = { url = "https://files.pythonhosted.org/packages/f9/e2/3e91f31a7d2b083fe6ef3fa267035b518369d9511ffab804f839851d2779/pluggy-1.6.0.tar.gz", hash = "sha256:7dcc130b76258d33b90f61b658791dede3486c3e6bfb003ee5c9bfb396dd22f3", size = 69412, upload-time = "2025-05-15T12:30:07.975Z" }
wheels = [
    { url = "https://files.pythonhosted.org/packages/54/20/4d324d65cc6d9205fabedc306948156824eb9f0ee1633355a8f7ec5c66bf/pluggy-1.6.0-py3-none-any.whl", hash = "sha256:e920276dd6813095e9377c0bc5566d94c932c33b27a3e3945d8389c374dd4746", size = 20538, upload-time = "2025-05-15T12:30:06.134Z" },
]

[[package]]
name = "pygments"
version = "2.20.0"
source = { registry = "https://pypi.org/simple" }
sdist = { url = "https://files.pythonhosted.org/packages/c3/b2/bc9c9196916376152d655522fdcebac55e66de6603a76a02bca1b6414f6c/pygments-2.20.0.tar.gz", hash = "sha256:6757cd03768053ff99f3039c1a36d6c0aa0b263438fcab17520b30a303a82b5f", size = 4955991, upload-time = "2026-03-29T13:29:33.898Z" }
wheels = [
    { url = "https://files.pythonhosted.org/packages/f4/7e/a72dd26f3b0f4f2bf1dd8923c85f7ceb43172af56d63c7383eb62b332364/pygments-2.20.0-py3-none-any.whl", hash = "sha256:81a9e26dd42fd28a23a2d169d86d7ac03b46e2f8b59ed4698fb4785f946d0176", size = 1231151, upload-time = "2026-03-29T13:29:30.038Z" },
]

[[package]]
name = "pytest"
version = "9.0.3"
source = { registry = "https://pypi.org/simple" }
dependencies = [
    { name = "colorama", marker = "sys_platform == 'win32'" },
    { name = "iniconfig" },
    { name = "packaging" },
    { name = "pluggy" },
    { name = "pygments" },
]
sdist = { url = "https://files.pythonhosted.org/packages/7d/0d/549bd94f1a0a402dc8cf64563a117c0f3765662e2e668477624baeec44d5/pytest-9.0.3.tar.gz", hash = "sha256:b86ada508af81d19edeb213c681b1d48246c1a91d304c6c81a427674c17eb91c", size = 1572165, upload-time = "2026-04-07T17:16:18.027Z" }
wheels = [
    { url = "https://files.pythonhosted.org/packages/d4/24/a372aaf5c9b7208e7112038812994107bc65a84cd00e0354a88c2c77a617/pytest-9.0.3-py3-none-any.whl", hash = "sha256:2c5efc453d45394fdd706ade797c0a81091eccd1d6e4bccfcd476e2b8e0ab5d9", size = 375249, upload-time = "2026-04-07T17:16:16.13Z" },
]

[[package]]
name = "ruff"
version = "0.15.17"
source = { registry = "https://pypi.org/simple" }
sdist = { url = "https://files.pythonhosted.org/packages/8c/a9/3abdf488f1bf3d24c699415e454ed554a6350d5d89ce183be1ee0a3361ac/ruff-0.15.17.tar.gz", hash = "sha256:2ec446937fd16c8c4de2674a209cc5af64d9c6f17d21fbf1151054fa0bcf5219", size = 4743346, upload-time = "2026-06-11T17:54:47.663Z" }
wheels = [
    { url = "https://files.pythonhosted.org/packages/db/4d/e11259f5da07cb6afb2d074c31bf09da9671993f7329d4f15d2fdc458301/ruff-0.15.17-py3-none-linux_armv6l.whl", hash = "sha256:d9feddb927fc68bd295f5eebc587a7e42cfaf9b65f60ca4a2386febff575da8f", size = 10856677, upload-time = "2026-06-11T17:54:49.533Z" },
    { url = "https://files.pythonhosted.org/packages/29/3e/772d679e1a0dc058e58875bd2c0cb713a0530877b4a76fee3c7966df0d49/ruff-0.15.17-py3-none-macosx_10_12_x86_64.whl", hash = "sha256:25805a226d741c47d274a35ad5c10a7dde175fcddfa511d7cf3da0a21eb3eab7", size = 11223443, upload-time = "2026-06-11T17:55:00.573Z" },
    { url = "https://files.pythonhosted.org/packages/68/58/bd41f7688b2fd5623012605130ed70e60aa7f2244baa3d5066bdd61530c8/ruff-0.15.17-py3-none-macosx_11_0_arm64.whl", hash = "sha256:f6ad73b14c2d18a3bf8ad7cb6974294d7f613a7898604826058e6ac64918ef4d", size = 10566458, upload-time = "2026-06-11T17:55:07.52Z" },
    { url = "https://files.pythonhosted.org/packages/d8/5b/733371013fcf1ec339e477ece6ab42bfe10bdd9bba8ee88a9516aa56bfc0/ruff-0.15.17-py3-none-manylinux_2_17_aarch64.manylinux2014_aarch64.whl", hash = "sha256:6ba0c1e4f95bcb3869d0d30cbd5917071ef2e28665abfec970cdab0492c713ed", size = 10914483, upload-time = "2026-06-11T17:55:05.501Z" },
    { url = "https://files.pythonhosted.org/packages/bd/cc/6f24251cc0252f7239391ccb85833f320efad14ebe5b443943f37ced6332/ruff-0.15.17-py3-none-manylinux_2_17_armv7l.manylinux2014_armv7l.whl", hash = "sha256:81647960f10bff57d2e51cadd0c3950fe598400c852863a038720ef5b8cca91e", size = 10647497, upload-time = "2026-06-11T17:54:57.733Z" },
    { url = "https://files.pythonhosted.org/packages/68/dd/0d10c17ce1a1624d6fc3156309c3f834fdb5dfaad026ec90c85684f3990e/ruff-0.15.17-py3-none-manylinux_2_17_i686.manylinux2014_i686.whl", hash = "sha256:0e01a84ddbc8c16c23055ba3924476850f1bbc1917cebbb9376665a63e74260d", size = 11416967, upload-time = "2026-06-11T17:54:51.461Z" },
    { url = "https://files.pythonhosted.org/packages/2f/91/556bfb156f6144f355e831c23db00b2fc4120f86b3ce81cc5f7fd2df51f3/ruff-0.15.17-py3-none-manylinux_2_17_ppc64le.manylinux2014_ppc64le.whl", hash = "sha256:84fe9f653152f8f294f9f7e03bf3a453d8b4a27f7a59c78c8666167f2b17b96c", size = 12335770, upload-time = "2026-06-11T17:54:45.793Z" },
    { url = "https://files.pythonhosted.org/packages/88/82/8b5999aa13355e926f06d9f42a32dcca862f623bf0363785ff89d607dffd/ruff-0.15.17-py3-none-manylinux_2_17_s390x.manylinux2014_s390x.whl", hash = "sha256:8c0fe88a7676e7a05b73174d4d4a59cb2ac21ff8263583f87a81a6018475a978", size = 11575441, upload-time = "2026-06-11T17:54:32.661Z" },
    { url = "https://files.pythonhosted.org/packages/11/93/f10377bb04109ca0e8cbc483ff1982c54b6d418210041776f93e8cdc7fa9/ruff-0.15.17-py3-none-manylinux_2_17_x86_64.manylinux2014_x86_64.whl", hash = "sha256:ecfc3c7878fff94633ab0348524e093f9ce3243080416dd7d14f8ba400174719", size = 11557614, upload-time = "2026-06-11T17:54:34.698Z" },
    { url = "https://files.pythonhosted.org/packages/c7/a6/eeeae7f7d5493df41649ab3db92f086b2d0a30199e4efdf8e3dd7a033f24/ruff-0.15.17-py3-none-manylinux_2_31_riscv64.whl", hash = "sha256:b8461180b22420b1bdc289909410930761629fddf2a5aaf60fae1ab26cedc4c4", size = 11544450, upload-time = "2026-06-11T17:54:39.042Z" },
    { url = "https://files.pythonhosted.org/packages/32/88/5991ce565129a24dd4a00db1254b3b5db2e53018cbe4018ea5a89738e727/ruff-0.15.17-py3-none-musllinux_1_2_aarch64.whl", hash = "sha256:6eccbe50a038b503e7140b441aa9c7fc8c1f36edf23ebef9f4165c2f28f568b7", size = 10892524, upload-time = "2026-06-11T17:55:09.432Z" },
    { url = "https://files.pythonhosted.org/packages/f5/1d/0fdd248313425f55223968af04b0a42125466a8d88d21c1d99c6af0a51e8/ruff-0.15.17-py3-none-musllinux_1_2_armv7l.whl", hash = "sha256:382fc0521025f5a8ad447d8bdd523545d0d7646adb718eb1c2dac5065ec27c0f", size = 10659573, upload-time = "2026-06-11T17:54:36.824Z" },
    { url = "https://files.pythonhosted.org/packages/9e/0e/072e8260deb9461062ce9311ced27a8e541229a6ffd483013dd37661e43e/ruff-0.15.17-py3-none-musllinux_1_2_i686.whl", hash = "sha256:456d41fcd1b2777ad63f09a6e7121d43f7b688bbc76a800c10f7f8fb1f912c3f", size = 11127818, upload-time = "2026-06-11T17:55:03.124Z" },
    { url = "https://files.pythonhosted.org/packages/ab/b4/55060a34163121498014696b5f656db5b8c6963768f227dbf0d76b311073/ruff-0.15.17-py3-none-musllinux_1_2_x86_64.whl", hash = "sha256:b1a04bcc94ae6194e9db05d16ad31f298a7194bfbcb08258bbe589cee1d587b8", size = 11655901, upload-time = "2026-06-11T17:54:53.562Z" },
    { url = "https://files.pythonhosted.org/packages/49/71/9b29d6b87cef468d697f43c6a91e3fae4a80185779d7d5a4ef27d173439f/ruff-0.15.17-py3-none-win32.whl", hash = "sha256:596065960ab1ff593f744220c9fe6580eda00a95003cffa9f4048bb5b1bf0392", size = 10925574, upload-time = "2026-06-11T17:54:55.723Z" },
    { url = "https://files.pythonhosted.org/packages/3d/b2/8fc77f3723228836fa5d12497eb71c808f83782e10d058d2b15cfa14640b/ruff-0.15.17-py3-none-win_amd64.whl", hash = "sha256:6769e5fa1710b179b92e0bfa5a51735b35baea9013dadb06d5f44cbcf9547084", size = 12058788, upload-time = "2026-06-11T17:54:41.042Z" },
    { url = "https://files.pythonhosted.org/packages/2d/c7/c53e8dbff9c9dc4b7928773421ae294a5d28fcb8dcda1a089579d3a7e510/ruff-0.15.17-py3-none-win_arm64.whl", hash = "sha256:f3be1fbb34bcdfd146240d8fb92a709d4c2c8191348580a3c044ec60fa0b4456", size = 11355275, upload-time = "2026-06-11T17:54:43.635Z" },
]

[[package]]
name = "tree-sitter"
version = "0.25.2"
source = { registry = "https://pypi.org/simple" }
sdist = { url = "https://files.pythonhosted.org/packages/66/7c/0350cfc47faadc0d3cf7d8237a4e34032b3014ddf4a12ded9933e1648b55/tree-sitter-0.25.2.tar.gz", hash = "sha256:fe43c158555da46723b28b52e058ad444195afd1db3ca7720c59a254544e9c20", size = 177961, upload-time = "2025-09-25T17:37:59.751Z" }
wheels = [
    { url = "https://files.pythonhosted.org/packages/3c/9e/20c2a00a862f1c2897a436b17edb774e831b22218083b459d0d081c9db33/tree_sitter-0.25.2-cp312-cp312-macosx_10_13_x86_64.whl", hash = "sha256:ddabfff809ffc983fc9963455ba1cecc90295803e06e140a4c83e94c1fa3d960", size = 146941, upload-time = "2025-09-25T17:37:34.813Z" },
    { url = "https://files.pythonhosted.org/packages/ef/04/8512e2062e652a1016e840ce36ba1cc33258b0dcc4e500d8089b4054afec/tree_sitter-0.25.2-cp312-cp312-macosx_11_0_arm64.whl", hash = "sha256:c0c0ab5f94938a23fe81928a21cc0fac44143133ccc4eb7eeb1b92f84748331c", size = 137699, upload-time = "2025-09-25T17:37:36.349Z" },
    { url = "https://files.pythonhosted.org/packages/47/8a/d48c0414db19307b0fb3bb10d76a3a0cbe275bb293f145ee7fba2abd668e/tree_sitter-0.25.2-cp312-cp312-manylinux2014_aarch64.manylinux_2_17_aarch64.manylinux_2_28_aarch64.whl", hash = "sha256:dd12d80d91d4114ca097626eb82714618dcdfacd6a5e0955216c6485c350ef99", size = 607125, upload-time = "2025-09-25T17:37:37.725Z" },
    { url = "https://files.pythonhosted.org/packages/39/d1/b95f545e9fc5001b8a78636ef942a4e4e536580caa6a99e73dd0a02e87aa/tree_sitter-0.25.2-cp312-cp312-manylinux2014_x86_64.manylinux_2_17_x86_64.manylinux_2_28_x86_64.whl", hash = "sha256:b43a9e4c89d4d0839de27cd4d6902d33396de700e9ff4c5ab7631f277a85ead9", size = 635418, upload-time = "2025-09-25T17:37:38.922Z" },
    { url = "https://files.pythonhosted.org/packages/de/4d/b734bde3fb6f3513a010fa91f1f2875442cdc0382d6a949005cd84563d8f/tree_sitter-0.25.2-cp312-cp312-musllinux_1_2_x86_64.whl", hash = "sha256:fbb1706407c0e451c4f8cc016fec27d72d4b211fdd3173320b1ada7a6c74c3ac", size = 631250, upload-time = "2025-09-25T17:37:40.039Z" },
    { url = "https://files.pythonhosted.org/packages/46/f2/5f654994f36d10c64d50a192239599fcae46677491c8dd53e7579c35a3e3/tree_sitter-0.25.2-cp312-cp312-win_amd64.whl", hash = "sha256:6d0302550bbe4620a5dc7649517c4409d74ef18558276ce758419cf09e578897", size = 127156, upload-time = "2025-09-25T17:37:41.132Z" },
    { url = "https://files.pythonhosted.org/packages/67/23/148c468d410efcf0a9535272d81c258d840c27b34781d625f1f627e2e27d/tree_sitter-0.25.2-cp312-cp312-win_arm64.whl", hash = "sha256:0c8b6682cac77e37cfe5cf7ec388844957f48b7bd8d6321d0ca2d852994e10d5", size = 113984, upload-time = "2025-09-25T17:37:42.074Z" },
    { url = "https://files.pythonhosted.org/packages/8c/67/67492014ce32729b63d7ef318a19f9cfedd855d677de5773476caf771e96/tree_sitter-0.25.2-cp313-cp313-macosx_10_13_x86_64.whl", hash = "sha256:0628671f0de69bb279558ef6b640bcfc97864fe0026d840f872728a86cd6b6cd", size = 146926, upload-time = "2025-09-25T17:37:43.041Z" },
    { url = "https://files.pythonhosted.org/packages/4e/9c/a278b15e6b263e86c5e301c82a60923fa7c59d44f78d7a110a89a413e640/tree_sitter-0.25.2-cp313-cp313-macosx_11_0_arm64.whl", hash = "sha256:f5ddcd3e291a749b62521f71fc953f66f5fd9743973fd6dd962b092773569601", size = 137712, upload-time = "2025-09-25T17:37:44.039Z" },
    { url = "https://files.pythonhosted.org/packages/54/9a/423bba15d2bf6473ba67846ba5244b988cd97a4b1ea2b146822162256794/tree_sitter-0.25.2-cp313-cp313-manylinux2014_aarch64.manylinux_2_17_aarch64.manylinux_2_28_aarch64.whl", hash = "sha256:bd88fbb0f6c3a0f28f0a68d72df88e9755cf5215bae146f5a1bdc8362b772053", size = 607873, upload-time = "2025-09-25T17:37:45.477Z" },
    { url = "https://files.pythonhosted.org/packages/ed/4c/b430d2cb43f8badfb3a3fa9d6cd7c8247698187b5674008c9d67b2a90c8e/tree_sitter-0.25.2-cp313-cp313-manylinux2014_x86_64.manylinux_2_17_x86_64.manylinux_2_28_x86_64.whl", hash = "sha256:b878e296e63661c8e124177cc3084b041ba3f5936b43076d57c487822426f614", size = 636313, upload-time = "2025-09-25T17:37:46.68Z" },
    { url = "https://files.pythonhosted.org/packages/9d/27/5f97098dbba807331d666a0997662e82d066e84b17d92efab575d283822f/tree_sitter-0.25.2-cp313-cp313-musllinux_1_2_x86_64.whl", hash = "sha256:d77605e0d353ba3fe5627e5490f0fbfe44141bafa4478d88ef7954a61a848dae", size = 631370, upload-time = "2025-09-25T17:37:47.993Z" },
    { url = "https://files.pythonhosted.org/packages/d4/3c/87caaed663fabc35e18dc704cd0e9800a0ee2f22bd18b9cbe7c10799895d/tree_sitter-0.25.2-cp313-cp313-win_amd64.whl", hash = "sha256:463c032bd02052d934daa5f45d183e0521ceb783c2548501cf034b0beba92c9b", size = 127157, upload-time = "2025-09-25T17:37:48.967Z" },
    { url = "https://files.pythonhosted.org/packages/d5/23/f8467b408b7988aff4ea40946a4bd1a2c1a73d17156a9d039bbaff1e2ceb/tree_sitter-0.25.2-cp313-cp313-win_arm64.whl", hash = "sha256:b3f63a1796886249bd22c559a5944d64d05d43f2be72961624278eff0dcc5cb8", size = 113975, upload-time = "2025-09-25T17:37:49.922Z" },
    { url = "https://files.pythonhosted.org/packages/07/e3/d9526ba71dfbbe4eba5e51d89432b4b333a49a1e70712aa5590cd22fc74f/tree_sitter-0.25.2-cp314-cp314-macosx_10_13_x86_64.whl", hash = "sha256:65d3c931013ea798b502782acab986bbf47ba2c452610ab0776cf4a8ef150fc0", size = 146776, upload-time = "2025-09-25T17:37:50.898Z" },
    { url = "https://files.pythonhosted.org/packages/42/97/4bd4ad97f85a23011dd8a535534bb1035c4e0bac1234d58f438e15cff51f/tree_sitter-0.25.2-cp314-cp314-macosx_11_0_arm64.whl", hash = "sha256:bda059af9d621918efb813b22fb06b3fe00c3e94079c6143fcb2c565eb44cb87", size = 137732, upload-time = "2025-09-25T17:37:51.877Z" },
    { url = "https://files.pythonhosted.org/packages/b6/19/1e968aa0b1b567988ed522f836498a6a9529a74aab15f09dd9ac1e41f505/tree_sitter-0.25.2-cp314-cp314-manylinux2014_aarch64.manylinux_2_17_aarch64.manylinux_2_28_aarch64.whl", hash = "sha256:eac4e8e4c7060c75f395feec46421eb61212cb73998dbe004b7384724f3682ab", size = 609456, upload-time = "2025-09-25T17:37:52.925Z" },
    { url = "https://files.pythonhosted.org/packages/48/b6/cf08f4f20f4c9094006ef8828555484e842fc468827ad6e56011ab668dbd/tree_sitter-0.25.2-cp314-cp314-manylinux2014_x86_64.manylinux_2_17_x86_64.manylinux_2_28_x86_64.whl", hash = "sha256:260586381b23be33b6191a07cea3d44ecbd6c01aa4c6b027a0439145fcbc3358", size = 636772, upload-time = "2025-09-25T17:37:54.647Z" },
    { url = "https://files.pythonhosted.org/packages/57/e2/d42d55bf56360987c32bc7b16adb06744e425670b823fb8a5786a1cea991/tree_sitter-0.25.2-cp314-cp314-musllinux_1_2_x86_64.whl", hash = "sha256:7d2ee1acbacebe50ba0f85fff1bc05e65d877958f00880f49f9b2af38dce1af0", size = 631522, upload-time = "2025-09-25T17:37:55.833Z" },
    { url = "https://files.pythonhosted.org/packages/03/87/af9604ebe275a9345d88c3ace0cf2a1341aa3f8ef49dd9fc11662132df8a/tree_sitter-0.25.2-cp314-cp314-win_amd64.whl", hash = "sha256:4973b718fcadfb04e59e746abfbb0288694159c6aeecd2add59320c03368c721", size = 130864, upload-time = "2025-09-25T17:37:57.453Z" },
    { url = "https://files.pythonhosted.org/packages/a6/6e/e64621037357acb83d912276ffd30a859ef117f9c680f2e3cb955f47c680/tree_sitter-0.25.2-cp314-cp314-win_arm64.whl", hash = "sha256:b8d4429954a3beb3e844e2872610d2a4800ba4eb42bb1990c6a4b1949b18459f", size = 117470, upload-time = "2025-09-25T17:37:58.431Z" },
]

[[package]]
name = "tree-sitter-go"
version = "0.25.0"
source = { registry = "https://pypi.org/simple" }
sdist = { url = "https://files.pythonhosted.org/packages/01/05/727308adbbc79bcb1c92fc0ea10556a735f9d0f0a5435a18f59d40f7fd77/tree_sitter_go-0.25.0.tar.gz", hash = "sha256:a7466e9b8d94dda94cae8d91629f26edb2d26166fd454d4831c3bf6dfa2e8d68", size = 93890, upload-time = "2025-08-29T06:20:25.044Z" }
wheels = [
    { url = "https://files.pythonhosted.org/packages/ca/aa/0984707acc2b9bb461fe4a41e7e0fc5b2b1e245c32820f0c83b3c602957c/tree_sitter_go-0.25.0-cp310-abi3-macosx_10_9_x86_64.whl", hash = "sha256:b852993063a3429a443e7bd0aa376dd7dd329d595819fabf56ac4cf9d7257b54", size = 47117, upload-time = "2025-08-29T06:20:14.286Z" },
    { url = "https://files.pythonhosted.org/packages/32/16/dd4cb124b35e99239ab3624225da07d4cb8da4d8564ed81d03fcb3a6ba9f/tree_sitter_go-0.25.0-cp310-abi3-macosx_11_0_arm64.whl", hash = "sha256:503b81a2b4c31e302869a1de3a352ad0912ccab3df9ac9950197b0a9ceeabd8f", size = 48674, upload-time = "2025-08-29T06:20:17.557Z" },
    { url = "https://files.pythonhosted.org/packages/86/fb/b30d63a08044115d8b8bd196c6c2ab4325fb8db5757249a4ef0563966e2e/tree_sitter_go-0.25.0-cp310-abi3-manylinux1_x86_64.manylinux_2_28_x86_64.manylinux_2_5_x86_64.whl", hash = "sha256:04b3b3cb4aff18e74e28d49b716c6f24cb71ddfdd66768987e26e4d0fa812f74", size = 66418, upload-time = "2025-08-29T06:20:18.345Z" },
    { url = "https://files.pythonhosted.org/packages/26/21/d3d88a30ad007419b2c97b3baeeef7431407faf9f686195b6f1cad0aedf9/tree_sitter_go-0.25.0-cp310-abi3-manylinux2014_aarch64.manylinux_2_17_aarch64.manylinux_2_28_aarch64.whl", hash = "sha256:148255aca2f54b90d48c48a9dbb4c7faad6cad310a980b2c5a5a9822057ed145", size = 72006, upload-time = "2025-08-29T06:20:19.14Z" },
    { url = "https://files.pythonhosted.org/packages/cd/d0/0dd6442353ced8a88bbda9e546f4ea29e381b59b5a40b122e5abb586bb6c/tree_sitter_go-0.25.0-cp310-abi3-musllinux_1_2_aarch64.whl", hash = "sha256:4d338116cdf8a6c6ff990d2441929b41323ef17c710407abe0993c13417d6aad", size = 70603, upload-time = "2025-08-29T06:20:21.544Z" },
    { url = "https://files.pythonhosted.org/packages/01/e2/ee5e09f63504fc286539535d374d2eaa0e7d489b80f8f744bb3962aff22a/tree_sitter_go-0.25.0-cp310-abi3-musllinux_1_2_x86_64.whl", hash = "sha256:5608e089d2a29fa8d2b327abeb2ad1cdb8e223c440a6b0ceab0d3fa80bdeebae", size = 66088, upload-time = "2025-08-29T06:20:22.336Z" },
    { url = "https://files.pythonhosted.org/packages/6e/b6/d9142583374720e79aca9ccb394b3795149a54c012e1dfd80738df2d984e/tree_sitter_go-0.25.0-cp310-abi3-win_amd64.whl", hash = "sha256:30d4ada57a223dfc2c32d942f44d284d40f3d1215ddcf108f96807fd36d53022", size = 48152, upload-time = "2025-08-29T06:20:23.089Z" },
    { url = "https://files.pythonhosted.org/packages/9e/00/9a2638e7339236f5b01622952a4d71c1474dd3783d1982a89555fc1f03b1/tree_sitter_go-0.25.0-cp310-abi3-win_arm64.whl", hash = "sha256:d5d62362059bf79997340773d47cc7e7e002883b527a05cca829c46e40b70ded", size = 46752, upload-time = "2025-08-29T06:20:24.235Z" },
]

[[package]]
name = "tree-sitter-java"
version = "0.23.5"
source = { registry = "https://pypi.org/simple" }
sdist = { url = "https://files.pythonhosted.org/packages/fa/dc/eb9c8f96304e5d8ae1663126d89967a622a80937ad2909903569ccb7ec8f/tree_sitter_java-0.23.5.tar.gz", hash = "sha256:f5cd57b8f1270a7f0438878750d02ccc79421d45cca65ff284f1527e9ef02e38", size = 138121, upload-time = "2024-12-21T18:24:26.936Z" }
wheels = [
    { url = "https://files.pythonhosted.org/packages/67/21/b3399780b440e1567a11d384d0ebb1aea9b642d0d98becf30fa55c0e3a3b/tree_sitter_java-0.23.5-cp39-abi3-macosx_10_9_x86_64.whl", hash = "sha256:355ce0308672d6f7013ec913dee4a0613666f4cda9044a7824240d17f38209df", size = 58926, upload-time = "2024-12-21T18:24:12.53Z" },
    { url = "https://files.pythonhosted.org/packages/57/ef/6406b444e2a93bc72a04e802f4107e9ecf04b8de4a5528830726d210599c/tree_sitter_java-0.23.5-cp39-abi3-macosx_11_0_arm64.whl", hash = "sha256:24acd59c4720dedad80d548fe4237e43ef2b7a4e94c8549b0ca6e4c4d7bf6e69", size = 62288, upload-time = "2024-12-21T18:24:14.634Z" },
    { url = "https://files.pythonhosted.org/packages/4e/6c/74b1c150d4f69c291ab0b78d5dd1b59712559bbe7e7daf6d8466d483463f/tree_sitter_java-0.23.5-cp39-abi3-manylinux_2_17_aarch64.manylinux2014_aarch64.whl", hash = "sha256:9401e7271f0b333df39fc8a8336a0caf1b891d9a2b89ddee99fae66b794fc5b7", size = 85533, upload-time = "2024-12-21T18:24:16.695Z" },
    { url = "https://files.pythonhosted.org/packages/29/09/e0d08f5c212062fd046db35c1015a2621c2631bc8b4aae5740d7adb276ad/tree_sitter_java-0.23.5-cp39-abi3-manylinux_2_5_x86_64.manylinux1_x86_64.manylinux_2_17_x86_64.manylinux2014_x86_64.whl", hash = "sha256:370b204b9500b847f6d0c5ad584045831cee69e9a3e4d878535d39e4a7e4c4f1", size = 84033, upload-time = "2024-12-21T18:24:18.758Z" },
    { url = "https://files.pythonhosted.org/packages/43/56/7d06b23ddd09bde816a131aa504ee11a1bbe87c6b62ab9b2ed23849a3382/tree_sitter_java-0.23.5-cp39-abi3-musllinux_1_2_x86_64.whl", hash = "sha256:aae84449e330363b55b14a2af0585e4e0dae75eb64ea509b7e5b0e1de536846a", size = 82564, upload-time = "2024-12-21T18:24:20.493Z" },
    { url = "https://files.pythonhosted.org/packages/da/d6/0528c7e1e88a18221dbd8ccee3825bf274b1fa300f745fd74eb343878043/tree_sitter_java-0.23.5-cp39-abi3-win_amd64.whl", hash = "sha256:1ee45e790f8d31d416bc84a09dac2e2c6bc343e89b8a2e1d550513498eedfde7", size = 60650, upload-time = "2024-12-21T18:24:22.902Z" },
    { url = "https://files.pythonhosted.org/packages/72/57/5bab54d23179350356515526fff3cc0f3ac23bfbc1a1d518a15978d4880e/tree_sitter_java-0.23.5-cp39-abi3-win_arm64.whl", hash = "sha256:402efe136104c5603b429dc26c7e75ae14faaca54cfd319ecc41c8f2534750f4", size = 59059, upload-time = "2024-12-21T18:24:24.934Z" },
]

[[package]]
name = "tree-sitter-python"
version = "0.25.0"
source = { registry = "https://pypi.org/simple" }
sdist = { url = "https://files.pythonhosted.org/packages/b8/8b/c992ff0e768cb6768d5c96234579bf8842b3a633db641455d86dd30d5dac/tree_sitter_python-0.25.0.tar.gz", hash = "sha256:b13e090f725f5b9c86aa455a268553c65cadf325471ad5b65cd29cac8a1a68ac", size = 159845, upload-time = "2025-09-11T06:47:58.159Z" }
wheels = [
    { url = "https://files.pythonhosted.org/packages/cf/64/a4e503c78a4eb3ac46d8e72a29c1b1237fa85238d8e972b063e0751f5a94/tree_sitter_python-0.25.0-cp310-abi3-macosx_10_9_x86_64.whl", hash = "sha256:14a79a47ddef72f987d5a2c122d148a812169d7484ff5c75a3db9609d419f361", size = 73790, upload-time = "2025-09-11T06:47:47.652Z" },
    { url = "https://files.pythonhosted.org/packages/e6/1d/60d8c2a0cc63d6ec4ba4e99ce61b802d2e39ef9db799bdf2a8f932a6cd4b/tree_sitter_python-0.25.0-cp310-abi3-macosx_11_0_arm64.whl", hash = "sha256:480c21dbd995b7fe44813e741d71fed10ba695e7caab627fb034e3828469d762", size = 76691, upload-time = "2025-09-11T06:47:49.038Z" },
    { url = "https://files.pythonhosted.org/packages/aa/cb/d9b0b67d037922d60cbe0359e0c86457c2da721bc714381a63e2c8e35eba/tree_sitter_python-0.25.0-cp310-abi3-manylinux1_x86_64.manylinux_2_28_x86_64.manylinux_2_5_x86_64.whl", hash = "sha256:86f118e5eecad616ecdb81d171a36dde9bef5a0b21ed71ea9c3e390813c3baf5", size = 108133, upload-time = "2025-09-11T06:47:50.499Z" },
    { url = "https://files.pythonhosted.org/packages/40/bd/bf4787f57e6b2860f3f1c8c62f045b39fb32d6bac4b53d7a9e66de968440/tree_sitter_python-0.25.0-cp310-abi3-manylinux2014_aarch64.manylinux_2_17_aarch64.manylinux_2_28_aarch64.whl", hash = "sha256:be71650ca2b93b6e9649e5d65c6811aad87a7614c8c1003246b303f6b150f61b", size = 110603, upload-time = "2025-09-11T06:47:51.985Z" },
    { url = "https://files.pythonhosted.org/packages/5d/25/feff09f5c2f32484fbce15db8b49455c7572346ce61a699a41972dea7318/tree_sitter_python-0.25.0-cp310-abi3-musllinux_1_2_aarch64.whl", hash = "sha256:e6d5b5799628cc0f24691ab2a172a8e676f668fe90dc60468bee14084a35c16d", size = 108998, upload-time = "2025-09-11T06:47:53.046Z" },
    { url = "https://files.pythonhosted.org/packages/75/69/4946da3d6c0df316ccb938316ce007fb565d08f89d02d854f2d308f0309f/tree_sitter_python-0.25.0-cp310-abi3-musllinux_1_2_x86_64.whl", hash = "sha256:71959832fc5d9642e52c11f2f7d79ae520b461e63334927e93ca46cd61cd9683", size = 107268, upload-time = "2025-09-11T06:47:54.388Z" },
    { url = "https://files.pythonhosted.org/packages/ed/a2/996fc2dfa1076dc460d3e2f3c75974ea4b8f02f6bc925383aaae519920e8/tree_sitter_python-0.25.0-cp310-abi3-win_amd64.whl", hash = "sha256:9bcde33f18792de54ee579b00e1b4fe186b7926825444766f849bf7181793a76", size = 76073, upload-time = "2025-09-11T06:47:55.773Z" },
    { url = "https://files.pythonhosted.org/packages/07/19/4b5569d9b1ebebb5907d11554a96ef3fa09364a30fcfabeff587495b512f/tree_sitter_python-0.25.0-cp310-abi3-win_arm64.whl", hash = "sha256:0fbf6a3774ad7e89ee891851204c2e2c47e12b63a5edbe2e9156997731c128bb", size = 74169, upload-time = "2025-09-11T06:47:56.747Z" },
]
